
Microsoft Visual Studio Solution File, Format Version 12.00
# Visual Studio Version 17
VisualStudioVersion = 17.13.35931.197 d17.13
MinimumVisualStudioVersion = 10.0.40219.1
Project("{FAE04EC0-301F-11D3-BF4B-00C04F79EFBC}") = "GUI_PolyCafe", "GUI_PolyCafe\GUI_PolyCafe.csproj", "{960EE0AE-8D8D-422A-BFB3-2392B9D0BE6A}"
EndProject
Project("{FAE04EC0-301F-11D3-BF4B-00C04F79EFBC}") = "DAL_PolyCafe", "DAL_PolyCafe\DAL_PolyCafe.csproj", "{415BC251-9D77-4ADE-B1BF-4140E8F64988}"
EndProject
Project("{FAE04EC0-301F-11D3-BF4B-00C04F79EFBC}") = "BLL_PolyCafe", "BLL_PolyCafe\BLL_PolyCafe.csproj", "{E3A6047E-7A05-4004-A4A6-5C0C04724A80}"
EndProject
Project("{FAE04EC0-301F-11D3-BF4B-00C04F79EFBC}") = "DTO_PolyCafe", "DTO_PolyCafe\DTO_PolyCafe.csproj", "{3AC3DEFE-D6B1-4DC4-98F6-F9EC765784DE}"
EndProject
Project("{FAE04EC0-301F-11D3-BF4B-00C04F79EFBC}") = "UTIL_PolyCafe", "UTIL_PolyCafe\UTIL_PolyCafe.csproj", "{E2EF4600-847A-471E-A6D1-004472BD5682}"
EndProject
Global
	GlobalSection(SolutionConfigurationPlatforms) = preSolution
		Debug|Any CPU = Debug|Any CPU
		Release|Any CPU = Release|Any CPU
	EndGlobalSection
	GlobalSection(ProjectConfigurationPlatforms) = postSolution
		{960EE0AE-8D8D-422A-BFB3-2392B9D0BE6A}.Debug|Any CPU.ActiveCfg = Debug|Any CPU
		{960EE0AE-8D8D-422A-BFB3-2392B9D0BE6A}.Debug|Any CPU.Build.0 = Debug|Any CPU
		{960EE0AE-8D8D-422A-BFB3-2392B9D0BE6A}.Release|Any CPU.ActiveCfg = Release|Any CPU
		{960EE0AE-8D8D-422A-BFB3-2392B9D0BE6A}.Release|Any CPU.Build.0 = Release|Any CPU
		{415BC251-9D77-4ADE-B1BF-4140E8F64988}.Debug|Any CPU.ActiveCfg = Debug|Any CPU
		{415BC251-9D77-4ADE-B1BF-4140E8F64988}.Debug|Any CPU.Build.0 = Debug|Any CPU
		{415BC251-9D77-4ADE-B1BF-4140E8F64988}.Release|Any CPU.ActiveCfg = Release|Any CPU
		{415BC251-9D77-4ADE-B1BF-4140E8F64988}.Release|Any CPU.Build.0 = Release|Any CPU
		{E3A6047E-7A05-4004-A4A6-5C0C04724A80}.Debug|Any CPU.ActiveCfg = Debug|Any CPU
		{E3A6047E-7A05-4004-A4A6-5C0C04724A80}.Debug|Any CPU.Build.0 = Debug|Any CPU
		{E3A6047E-7A05-4004-A4A6-5C0C04724A80}.Release|Any CPU.ActiveCfg = Release|Any CPU
		{E3A6047E-7A05-4004-A4A6-5C0C04724A80}.Release|Any CPU.Build.0 = Release|Any CPU
		{3AC3DEFE-D6B1-4DC4-98F6-F9EC765784DE}.Debug|Any CPU.ActiveCfg = Debug|Any CPU
		{3AC3DEFE-D6B1-4DC4-98F6-F9EC765784DE}.Debug|Any CPU.Build.0 = Debug|Any CPU
		{3AC3DEFE-D6B1-4DC4-98F6-F9EC765784DE}.Release|Any CPU.ActiveCfg = Release|Any CPU
		{3AC3DEFE-D6B1-4DC4-98F6-F9EC765784DE}.Release|Any CPU.Build.0 = Release|Any CPU
		{E2EF4600-847A-471E-A6D1-004472BD5682}.Debug|Any CPU.ActiveCfg = Debug|Any CPU
		{E2EF4600-847A-471E-A6D1-004472BD5682}.Debug|Any CPU.Build.0 = Debug|Any CPU
		{E2EF4600-847A-471E-A6D1-004472BD5682}.Release|Any CPU.ActiveCfg = Release|Any CPU
		{E2EF4600-847A-471E-A6D1-004472BD5682}.Release|Any CPU.Build.0 = Release|Any CPU
	EndGlobalSection
	GlobalSection(SolutionProperties) = preSolution
		HideSolutionNode = FALSE
	EndGlobalSection
	GlobalSection(ExtensibilityGlobals) = postSolution
		SolutionGuid = {E088EB3B-FC95-448F-84CD-FFB01E1EEEC7}
	EndGlobalSection
EndGlobal
